// !$*UTF8*$!
{
	archiveVersion = 1;
	classes = {
	};
	objectVersion = 46;
	objects = {

/* Begin PBXBuildFile section */
		2C7B2C151C2E01ED008E6C66 /* main.m in Sources */ = {isa = PBXBuildFile; fileRef = 2C7B2C141C2E01ED008E6C66 /* main.m */; };
		2C7B2C201C2E01ED008E6C66 /* Assets.xcassets in Resources */ = {isa = PBXBuildFile; fileRef = 2C7B2C1F1C2E01ED008E6C66 /* Assets.xcassets */; };
		2CD6600A1C2E05D800626F76 /* jcapimin.c in Sources */ = {isa = PBXBuildFile; fileRef = 2CD65FDC1C2E05D800626F76 /* jcapimin.c */; };
		2CD6600B1C2E05D800626F76 /* jcapistd.c in Sources */ = {isa = PBXBuildFile; fileRef = 2CD65FDD1C2E05D800626F76 /* jcapistd.c */; };
		2CD6600C1C2E05D800626F76 /* jccoefct.c in Sources */ = {isa = PBXBuildFile; fileRef = 2CD65FDE1C2E05D800626F76 /* jccoefct.c */; };
		2CD6600D1C2E05D800626F76 /* jccolor.c in Sources */ = {isa = PBXBuildFile; fileRef = 2CD65FDF1C2E05D800626F76 /* jccolor.c */; };
		2CD6600E1C2E05D800626F76 /* jcdctmgr.c in Sources */ = {isa = PBXBuildFile; fileRef = 2CD65FE01C2E05D800626F76 /* jcdctmgr.c */; };
		2CD6600F1C2E05D800626F76 /* jchuff.c in Sources */ = {isa = PBXBuildFile; fileRef = 2CD65FE11C2E05D800626F76 /* jchuff.c */; };
		2CD660101C2E05D800626F76 /* jcinit.c in Sources */ = {isa = PBXBuildFile; fileRef = 2CD65FE21C2E05D800626F76 /* jcinit.c */; };
		2CD660111C2E05D800626F76 /* jcmainct.c in Sources */ = {isa = PBXBuildFile; fileRef = 2CD65FE31C2E05D800626F76 /* jcmainct.c */; };
		2CD660121C2E05D800626F76 /* jcmarker.c in Sources */ = {isa = PBXBuildFile; fileRef = 2CD65FE41C2E05D800626F76 /* jcmarker.c */; };
		2CD660131C2E05D800626F76 /* jcmaster.c in Sources */ = {isa = PBXBuildFile; fileRef = 2CD65FE51C2E05D800626F76 /* jcmaster.c */; };
		2CD660141C2E05D800626F76 /* jcomapi.c in Sources */ = {isa = PBXBuildFile; fileRef = 2CD65FE61C2E05D800626F76 /* jcomapi.c */; };
		2CD660151C2E05D800626F76 /* jcparam.c in Sources */ = {isa = PBXBuildFile; fileRef = 2CD65FE71C2E05D800626F76 /* jcparam.c */; };
		2CD660161C2E05D800626F76 /* jcphuff.c in Sources */ = {isa = PBXBuildFile; fileRef = 2CD65FE81C2E05D800626F76 /* jcphuff.c */; };
		2CD660171C2E05D800626F76 /* jcprepct.c in Sources */ = {isa = PBXBuildFile; fileRef = 2CD65FE91C2E05D800626F76 /* jcprepct.c */; };
		2CD660181C2E05D800626F76 /* jcsample.c in Sources */ = {isa = PBXBuildFile; fileRef = 2CD65FEA1C2E05D800626F76 /* jcsample.c */; };
		2CD660191C2E05D800626F76 /* jctrans.c in Sources */ = {isa = PBXBuildFile; fileRef = 2CD65FEB1C2E05D800626F76 /* jctrans.c */; };
		2CD6601A1C2E05D800626F76 /* jdapimin.c in Sources */ = {isa = PBXBuildFile; fileRef = 2CD65FEC1C2E05D800626F76 /* jdapimin.c */; };
		2CD6601B1C2E05D800626F76 /* jdapistd.c in Sources */ = {isa = PBXBuildFile; fileRef = 2CD65FED1C2E05D800626F76 /* jdapistd.c */; };
		2CD6601C1C2E05D800626F76 /* jdatadst.c in Sources */ = {isa = PBXBuildFile; fileRef = 2CD65FEE1C2E05D800626F76 /* jdatadst.c */; };
		2CD6601D1C2E05D800626F76 /* jdatasrc.c in Sources */ = {isa = PBXBuildFile; fileRef = 2CD65FEF1C2E05D800626F76 /* jdatasrc.c */; };
		2CD6601E1C2E05D800626F76 /* jdcoefct.c in Sources */ = {isa = PBXBuildFile; fileRef = 2CD65FF01C2E05D800626F76 /* jdcoefct.c */; };
		2CD6601F1C2E05D800626F76 /* jdcolor.c in Sources */ = {isa = PBXBuildFile; fileRef = 2CD65FF11C2E05D800626F76 /* jdcolor.c */; };
		2CD660201C2E05D800626F76 /* jddctmgr.c in Sources */ = {isa = PBXBuildFile; fileRef = 2CD65FF21C2E05D800626F76 /* jddctmgr.c */; };
		2CD660211C2E05D800626F76 /* jdhuff.c in Sources */ = {isa = PBXBuildFile; fileRef = 2CD65FF31C2E05D800626F76 /* jdhuff.c */; };
		2CD660221C2E05D800626F76 /* jdinput.c in Sources */ = {isa = PBXBuildFile; fileRef = 2CD65FF41C2E05D800626F76 /* jdinput.c */; };
		2CD660231C2E05D800626F76 /* jdmainct.c in Sources */ = {isa = PBXBuildFile; fileRef = 2CD65FF51C2E05D800626F76 /* jdmainct.c */; };
		2CD660241C2E05D800626F76 /* jdmarker.c in Sources */ = {isa = PBXBuildFile; fileRef = 2CD65FF61C2E05D800626F76 /* jdmarker.c */; };
		2CD660251C2E05D800626F76 /* jdmaster.c in Sources */ = {isa = PBXBuildFile; fileRef = 2CD65FF71C2E05D800626F76 /* jdmaster.c */; };
		2CD660261C2E05D800626F76 /* jdmerge.c in Sources */ = {isa = PBXBuildFile; fileRef = 2CD65FF81C2E05D800626F76 /* jdmerge.c */; };
		2CD660271C2E05D800626F76 /* jdphuff.c in Sources */ = {isa = PBXBuildFile; fileRef = 2CD65FF91C2E05D800626F76 /* jdphuff.c */; };
		2CD660281C2E05D800626F76 /* jdpostct.c in Sources */ = {isa = PBXBuildFile; fileRef = 2CD65FFA1C2E05D800626F76 /* jdpostct.c */; };
		2CD660291C2E05D800626F76 /* jdsample.c in Sources */ = {isa = PBXBuildFile; fileRef = 2CD65FFB1C2E05D800626F76 /* jdsample.c */; };
		2CD6602A1C2E05D800626F76 /* jdtrans.c in Sources */ = {isa = PBXBuildFile; fileRef = 2CD65FFC1C2E05D800626F76 /* jdtrans.c */; };
		2CD6602B1C2E05D800626F76 /* jerror.c in Sources */ = {isa = PBXBuildFile; fileRef = 2CD65FFD1C2E05D800626F76 /* jerror.c */; };
		2CD6602C1C2E05D800626F76 /* jfdctflt.c in Sources */ = {isa = PBXBuildFile; fileRef = 2CD65FFE1C2E05D800626F76 /* jfdctflt.c */; };
		2CD6602D1C2E05D800626F76 /* jfdctfst.c in Sources */ = {isa = PBXBuildFile; fileRef = 2CD65FFF1C2E05D800626F76 /* jfdctfst.c */; };
		2CD6602E1C2E05D800626F76 /* jfdctint.c in Sources */ = {isa = PBXBuildFile; fileRef = 2CD660001C2E05D800626F76 /* jfdctint.c */; };
		2CD6602F1C2E05D800626F76 /* jidctflt.c in Sources */ = {isa = PBXBuildFile; fileRef = 2CD660011C2E05D800626F76 /* jidctflt.c */; };
		2CD660301C2E05D800626F76 /* jidctfst.c in Sources */ = {isa = PBXBuildFile; fileRef = 2CD660021C2E05D800626F76 /* jidctfst.c */; };
		2CD660311C2E05D800626F76 /* jidctint.c in Sources */ = {isa = PBXBuildFile; fileRef = 2CD660031C2E05D800626F76 /* jidctint.c */; };
		2CD660321C2E05D800626F76 /* jidctred.c in Sources */ = {isa = PBXBuildFile; fileRef = 2CD660041C2E05D800626F76 /* jidctred.c */; };
		2CD660341C2E05D800626F76 /* jmemmgr.c in Sources */ = {isa = PBXBuildFile; fileRef = 2CD660061C2E05D800626F76 /* jmemmgr.c */; };
		2CD660351C2E05D800626F76 /* jquant1.c in Sources */ = {isa = PBXBuildFile; fileRef = 2CD660071C2E05D800626F76 /* jquant1.c */; };
		2CD660361C2E05D800626F76 /* jquant2.c in Sources */ = {isa = PBXBuildFile; fileRef = 2CD660081C2E05D800626F76 /* jquant2.c */; };
		2CD660371C2E05D800626F76 /* jutils.c in Sources */ = {isa = PBXBuildFile; fileRef = 2CD660091C2E05D800626F76 /* jutils.c */; };
		2CD6603B1C2E0BDA00626F76 /* jmemansi.c in Sources */ = {isa = PBXBuildFile; fileRef = 2CD6603A1C2E0BDA00626F76 /* jmemansi.c */; };
/* End PBXBuildFile section */

/* Begin PBXFileReference section */
		2C7B2C101C2E01ED008E6C66 /* tests.app */ = {isa = PBXFileReference; explicitFileType = wrapper.application; includeInIndex = 0; path = tests.app; sourceTree = BUILT_PRODUCTS_DIR; };
		2C7B2C141C2E01ED008E6C66 /* main.m */ = {isa = PBXFileReference; lastKnownFileType = sourcecode.c.objc; path = main.m; sourceTree = "<group>"; };
		2C7B2C1F1C2E01ED008E6C66 /* Assets.xcassets */ = {isa = PBXFileReference; lastKnownFileType = folder.assetcatalog; path = Assets.xcassets; sourceTree = "<group>"; };
		2C7B2C241C2E01ED008E6C66 /* Info.plist */ = {isa = PBXFileReference; lastKnownFileType = text.plist.xml; path = Info.plist; sourceTree = "<group>"; };
		2CD65FDC1C2E05D800626F76 /* jcapimin.c */ = {isa = PBXFileReference; fileEncoding = 4; lastKnownFileType = sourcecode.c.c; name = jcapimin.c; path = ../jpeg/jcapimin.c; sourceTree = "<group>"; };
		2CD65FDD1C2E05D800626F76 /* jcapistd.c */ = {isa = PBXFileReference; fileEncoding = 4; lastKnownFileType = sourcecode.c.c; name = jcapistd.c; path = ../jpeg/jcapistd.c; sourceTree = "<group>"; };
		2CD65FDE1C2E05D800626F76 /* jccoefct.c */ = {isa = PBXFileReference; fileEncoding = 4; lastKnownFileType = sourcecode.c.c; name = jccoefct.c; path = ../jpeg/jccoefct.c; sourceTree = "<group>"; };
		2CD65FDF1C2E05D800626F76 /* jccolor.c */ = {isa = PBXFileReference; fileEncoding = 4; lastKnownFileType = sourcecode.c.c; name = jccolor.c; path = ../jpeg/jccolor.c; sourceTree = "<group>"; };
		2CD65FE01C2E05D800626F76 /* jcdctmgr.c */ = {isa = PBXFileReference; fileEncoding = 4; lastKnownFileType = sourcecode.c.c; name = jcdctmgr.c; path = ../jpeg/jcdctmgr.c; sourceTree = "<group>"; };
		2CD65FE11C2E05D800626F76 /* jchuff.c */ = {isa = PBXFileReference; fileEncoding = 4; lastKnownFileType = sourcecode.c.c; name = jchuff.c; path = ../jpeg/jchuff.c; sourceTree = "<group>"; };
		2CD65FE21C2E05D800626F76 /* jcinit.c */ = {isa = PBXFileReference; fileEncoding = 4; lastKnownFileType = sourcecode.c.c; name = jcinit.c; path = ../jpeg/jcinit.c; sourceTree = "<group>"; };
		2CD65FE31C2E05D800626F76 /* jcmainct.c */ = {isa = PBXFileReference; fileEncoding = 4; lastKnownFileType = sourcecode.c.c; name = jcmainct.c; path = ../jpeg/jcmainct.c; sourceTree = "<group>"; };
		2CD65FE41C2E05D800626F76 /* jcmarker.c */ = {isa = PBXFileReference; fileEncoding = 4; lastKnownFileType = sourcecode.c.c; name = jcmarker.c; path = ../jpeg/jcmarker.c; sourceTree = "<group>"; };
		2CD65FE51C2E05D800626F76 /* jcmaster.c */ = {isa = PBXFileReference; fileEncoding = 4; lastKnownFileType = sourcecode.c.c; name = jcmaster.c; path = ../jpeg/jcmaster.c; sourceTree = "<group>"; };
		2CD65FE61C2E05D800626F76 /* jcomapi.c */ = {isa = PBXFileReference; fileEncoding = 4; lastKnownFileType = sourcecode.c.c; name = jcomapi.c; path = ../jpeg/jcomapi.c; sourceTree = "<group>"; };
		2CD65FE71C2E05D800626F76 /* jcparam.c */ = {isa = PBXFileReference; fileEncoding = 4; lastKnownFileType = sourcecode.c.c; name = jcparam.c; path = ../jpeg/jcparam.c; sourceTree = "<group>"; };
		2CD65FE81C2E05D800626F76 /* jcphuff.c */ = {isa = PBXFileReference; fileEncoding = 4; lastKnownFileType = sourcecode.c.c; name = jcphuff.c; path = ../jpeg/jcphuff.c; sourceTree = "<group>"; };
		2CD65FE91C2E05D800626F76 /* jcprepct.c */ = {isa = PBXFileReference; fileEncoding = 4; lastKnownFileType = sourcecode.c.c; name = jcprepct.c; path = ../jpeg/jcprepct.c; sourceTree = "<group>"; };
		2CD65FEA1C2E05D800626F76 /* jcsample.c */ = {isa = PBXFileReference; fileEncoding = 4; lastKnownFileType = sourcecode.c.c; name = jcsample.c; path = ../jpeg/jcsample.c; sourceTree = "<group>"; };
		2CD65FEB1C2E05D800626F76 /* jctrans.c */ = {isa = PBXFileReference; fileEncoding = 4; lastKnownFileType = sourcecode.c.c; name = jctrans.c; path = ../jpeg/jctrans.c; sourceTree = "<group>"; };
		2CD65FEC1C2E05D800626F76 /* jdapimin.c */ = {isa = PBXFileReference; fileEncoding = 4; lastKnownFileType = sourcecode.c.c; name = jdapimin.c; path = ../jpeg/jdapimin.c; sourceTree = "<group>"; };
		2CD65FED1C2E05D800626F76 /* jdapistd.c */ = {isa = PBXFileReference; fileEncoding = 4; lastKnownFileType = sourcecode.c.c; name = jdapistd.c; path = ../jpeg/jdapistd.c; sourceTree = "<group>"; };
		2CD65FEE1C2E05D800626F76 /* jdatadst.c */ = {isa = PBXFileReference; fileEncoding = 4; lastKnownFileType = sourcecode.c.c; name = jdatadst.c; path = ../jpeg/jdatadst.c; sourceTree = "<group>"; };
		2CD65FEF1C2E05D800626F76 /* jdatasrc.c */ = {isa = PBXFileReference; fileEncoding = 4; lastKnownFileType = sourcecode.c.c; name = jdatasrc.c; path = ../jpeg/jdatasrc.c; sourceTree = "<group>"; };
		2CD65FF01C2E05D800626F76 /* jdcoefct.c */ = {isa = PBXFileReference; fileEncoding = 4; lastKnownFileType = sourcecode.c.c; name = jdcoefct.c; path = ../jpeg/jdcoefct.c; sourceTree = "<group>"; };
		2CD65FF11C2E05D800626F76 /* jdcolor.c */ = {isa = PBXFileReference; fileEncoding = 4; lastKnownFileType = sourcecode.c.c; name = jdcolor.c; path = ../jpeg/jdcolor.c; sourceTree = "<group>"; };
		2CD65FF21C2E05D800626F76 /* jddctmgr.c */ = {isa = PBXFileReference; fileEncoding = 4; lastKnownFileType = sourcecode.c.c; name = jddctmgr.c; path = ../jpeg/jddctmgr.c; sourceTree = "<group>"; };
		2CD65FF31C2E05D800626F76 /* jdhuff.c */ = {isa = PBXFileReference; fileEncoding = 4; lastKnownFileType = sourcecode.c.c; name = jdhuff.c; path = ../jpeg/jdhuff.c; sourceTree = "<group>"; };
		2CD65FF41C2E05D800626F76 /* jdinput.c */ = {isa = PBXFileReference; fileEncoding = 4; lastKnownFileType = sourcecode.c.c; name = jdinput.c; path = ../jpeg/jdinput.c; sourceTree = "<group>"; };
		2CD65FF51C2E05D800626F76 /* jdmainct.c */ = {isa = PBXFileReference; fileEncoding = 4; lastKnownFileType = sourcecode.c.c; name = jdmainct.c; path = ../jpeg/jdmainct.c; sourceTree = "<group>"; };
		2CD65FF61C2E05D800626F76 /* jdmarker.c */ = {isa = PBXFileReference; fileEncoding = 4; lastKnownFileType = sourcecode.c.c; name = jdmarker.c; path = ../jpeg/jdmarker.c; sourceTree = "<group>"; };
		2CD65FF71C2E05D800626F76 /* jdmaster.c */ = {isa = PBXFileReference; fileEncoding = 4; lastKnownFileType = sourcecode.c.c; name = jdmaster.c; path = ../jpeg/jdmaster.c; sourceTree = "<group>"; };
		2CD65FF81C2E05D800626F76 /* jdmerge.c */ = {isa = PBXFileReference; fileEncoding = 4; lastKnownFileType = sourcecode.c.c; name = jdmerge.c; path = ../jpeg/jdmerge.c; sourceTree = "<group>"; };
		2CD65FF91C2E05D800626F76 /* jdphuff.c */ = {isa = PBXFileReference; fileEncoding = 4; lastKnownFileType = sourcecode.c.c; name = jdphuff.c; path = ../jpeg/jdphuff.c; sourceTree = "<group>"; };
		2CD65FFA1C2E05D800626F76 /* jdpostct.c */ = {isa = PBXFileReference; fileEncoding = 4; lastKnownFileType = sourcecode.c.c; name = jdpostct.c; path = ../jpeg/jdpostct.c; sourceTree = "<group>"; };
		2CD65FFB1C2E05D800626F76 /* jdsample.c */ = {isa = PBXFileReference; fileEncoding = 4; lastKnownFileType = sourcecode.c.c; name = jdsample.c; path = ../jpeg/jdsample.c; sourceTree = "<group>"; };
		2CD65FFC1C2E05D800626F76 /* jdtrans.c */ = {isa = PBXFileReference; fileEncoding = 4; lastKnownFileType = sourcecode.c.c; name = jdtrans.c; path = ../jpeg/jdtrans.c; sourceTree = "<group>"; };
		2CD65FFD1C2E05D800626F76 /* jerror.c */ = {isa = PBXFileReference; fileEncoding = 4; lastKnownFileType = sourcecode.c.c; name = jerror.c; path = ../jpeg/jerror.c; sourceTree = "<group>"; };
		2CD65FFE1C2E05D800626F76 /* jfdctflt.c */ = {isa = PBXFileReference; fileEncoding = 4; lastKnownFileType = sourcecode.c.c; name = jfdctflt.c; path = ../jpeg/jfdctflt.c; sourceTree = "<group>"; };
		2CD65FFF1C2E05D800626F76 /* jfdctfst.c */ = {isa = PBXFileReference; fileEncoding = 4; lastKnownFileType = sourcecode.c.c; name = jfdctfst.c; path = ../jpeg/jfdctfst.c; sourceTree = "<group>"; };
		2CD660001C2E05D800626F76 /* jfdctint.c */ = {isa = PBXFileReference; fileEncoding = 4; lastKnownFileType = sourcecode.c.c; name = jfdctint.c; path = ../jpeg/jfdctint.c; sourceTree = "<group>"; };
		2CD660011C2E05D800626F76 /* jidctflt.c */ = {isa = PBXFileReference; fileEncoding = 4; lastKnownFileType = sourcecode.c.c; name = jidctflt.c; path = ../jpeg/jidctflt.c; sourceTree = "<group>"; };
		2CD660021C2E05D800626F76 /* jidctfst.c */ = {isa = PBXFileReference; fileEncoding = 4; lastKnownFileType = sourcecode.c.c; name = jidctfst.c; path = ../jpeg/jidctfst.c; sourceTree = "<group>"; };
		2CD660031C2E05D800626F76 /* jidctint.c */ = {isa = PBXFileReference; fileEncoding = 4; lastKnownFileType = sourcecode.c.c; name = jidctint.c; path = ../jpeg/jidctint.c; sourceTree = "<group>"; };
		2CD660041C2E05D800626F76 /* jidctred.c */ = {isa = PBXFileReference; fileEncoding = 4; lastKnownFileType = sourcecode.c.c; name = jidctred.c; path = ../jpeg/jidctred.c; sourceTree = "<group>"; };
		2CD660061C2E05D800626F76 /* jmemmgr.c */ = {isa = PBXFileReference; fileEncoding = 4; lastKnownFileType = sourcecode.c.c; name = jmemmgr.c; path = ../jpeg/jmemmgr.c; sourceTree = "<group>"; };
		2CD660071C2E05D800626F76 /* jquant1.c */ = {isa = PBXFileReference; fileEncoding = 4; lastKnownFileType = sourcecode.c.c; name = jquant1.c; path = ../jpeg/jquant1.c; sourceTree = "<group>"; };
		2CD660081C2E05D800626F76 /* jquant2.c */ = {isa = PBXFileReference; fileEncoding = 4; lastKnownFileType = sourcecode.c.c; name = jquant2.c; path = ../jpeg/jquant2.c; sourceTree = "<group>"; };
		2CD660091C2E05D800626F76 /* jutils.c */ = {isa = PBXFileReference; fileEncoding = 4; lastKnownFileType = sourcecode.c.c; name = jutils.c; path = ../jpeg/jutils.c; sourceTree = "<group>"; };
		2CD6603A1C2E0BDA00626F76 /* jmemansi.c */ = {isa = PBXFileReference; fileEncoding = 4; lastKnownFileType = sourcecode.c.c; name = jmemansi.c; path = ../jpeg/jmemansi.c; sourceTree = "<group>"; };
/* End PBXFileReference section */

/* Begin PBXFrameworksBuildPhase section */
		2C7B2C0D1C2E01ED008E6C66 /* Frameworks */ = {
			isa = PBXFrameworksBuildPhase;
			buildActionMask = 2147483647;
			files = (
			);
			runOnlyForDeploymentPostprocessing = 0;
		};
/* End PBXFrameworksBuildPhase section */

/* Begin PBXGroup section */
		2C7B2C071C2E01ED008E6C66 = {
			isa = PBXGroup;
			children = (
				2CD6603A1C2E0BDA00626F76 /* jmemansi.c */,
				2CD65FDC1C2E05D800626F76 /* jcapimin.c */,
				2CD65FDD1C2E05D800626F76 /* jcapistd.c */,
				2CD65FDE1C2E05D800626F76 /* jccoefct.c */,
				2CD65FDF1C2E05D800626F76 /* jccolor.c */,
				2CD65FE01C2E05D800626F76 /* jcdctmgr.c */,
				2CD65FE11C2E05D800626F76 /* jchuff.c */,
				2CD65FE21C2E05D800626F76 /* jcinit.c */,
				2CD65FE31C2E05D800626F76 /* jcmainct.c */,
				2CD65FE41C2E05D800626F76 /* jcmarker.c */,
				2CD65FE51C2E05D800626F76 /* jcmaster.c */,
				2CD65FE61C2E05D800626F76 /* jcomapi.c */,
				2CD65FE71C2E05D800626F76 /* jcparam.c */,
				2CD65FE81C2E05D800626F76 /* jcphuff.c */,
				2CD65FE91C2E05D800626F76 /* jcprepct.c */,
				2CD65FEA1C2E05D800626F76 /* jcsample.c */,
				2CD65FEB1C2E05D800626F76 /* jctrans.c */,
				2CD65FEC1C2E05D800626F76 /* jdapimin.c */,
				2CD65FED1C2E05D800626F76 /* jdapistd.c */,
				2CD65FEE1C2E05D800626F76 /* jdatadst.c */,
				2CD65FEF1C2E05D800626F76 /* jdatasrc.c */,
				2CD65FF01C2E05D800626F76 /* jdcoefct.c */,
				2CD65FF11C2E05D800626F76 /* jdcolor.c */,
				2CD65FF21C2E05D800626F76 /* jddctmgr.c */,
				2CD65FF31C2E05D800626F76 /* jdhuff.c */,
				2CD65FF41C2E05D800626F76 /* jdinput.c */,
				2CD65FF51C2E05D800626F76 /* jdmainct.c */,
				2CD65FF61C2E05D800626F76 /* jdmarker.c */,
				2CD65FF71C2E05D800626F76 /* jdmaster.c */,
				2CD65FF81C2E05D800626F76 /* jdmerge.c */,
				2CD65FF91C2E05D800626F76 /* jdphuff.c */,
				2CD65FFA1C2E05D800626F76 /* jdpostct.c */,
				2CD65FFB1C2E05D800626F76 /* jdsample.c */,
				2CD65FFC1C2E05D800626F76 /* jdtrans.c */,
				2CD65FFD1C2E05D800626F76 /* jerror.c */,
				2CD65FFE1C2E05D800626F76 /* jfdctflt.c */,
				2CD65FFF1C2E05D800626F76 /* jfdctfst.c */,
				2CD660001C2E05D800626F76 /* jfdctint.c */,
				2CD660011C2E05D800626F76 /* jidctflt.c */,
				2CD660021C2E05D800626F76 /* jidctfst.c */,
				2CD660031C2E05D800626F76 /* jidctint.c */,
				2CD660041C2E05D800626F76 /* jidctred.c */,
				2CD660061C2E05D800626F76 /* jmemmgr.c */,
				2CD660071C2E05D800626F76 /* jquant1.c */,
				2CD660081C2E05D800626F76 /* jquant2.c */,
				2CD660091C2E05D800626F76 /* jutils.c */,
				2C7B2C121C2E01ED008E6C66 /* tests */,
				2C7B2C111C2E01ED008E6C66 /* Products */,
			);
			sourceTree = "<group>";
		};
		2C7B2C111C2E01ED008E6C66 /* Products */ = {
			isa = PBXGroup;
			children = (
				2C7B2C101C2E01ED008E6C66 /* tests.app */,
			);
			name = Products;
			sourceTree = "<group>";
		};
		2C7B2C121C2E01ED008E6C66 /* tests */ = {
			isa = PBXGroup;
			children = (
				2C7B2C1F1C2E01ED008E6C66 /* Assets.xcassets */,
				2C7B2C241C2E01ED008E6C66 /* Info.plist */,
				2C7B2C131C2E01ED008E6C66 /* Supporting Files */,
			);
			path = tests;
			sourceTree = "<group>";
		};
		2C7B2C131C2E01ED008E6C66 /* Supporting Files */ = {
			isa = PBXGroup;
			children = (
				2C7B2C141C2E01ED008E6C66 /* main.m */,
			);
			name = "Supporting Files";
			sourceTree = "<group>";
		};
/* End PBXGroup section */

/* Begin PBXNativeTarget section */
		2C7B2C0F1C2E01ED008E6C66 /* tests */ = {
			isa = PBXNativeTarget;
			buildConfigurationList = 2C7B2C271C2E01ED008E6C66 /* Build configuration list for PBXNativeTarget "tests" */;
			buildPhases = (
				2C7B2C0C1C2E01ED008E6C66 /* Sources */,
				2C7B2C0D1C2E01ED008E6C66 /* Frameworks */,
				2C7B2C0E1C2E01ED008E6C66 /* Resources */,
			);
			buildRules = (
			);
			dependencies = (
			);
			name = tests;
			productName = tests;
			productReference = 2C7B2C101C2E01ED008E6C66 /* tests.app */;
			productType = "com.apple.product-type.application";
		};
/* End PBXNativeTarget section */

/* Begin PBXProject section */
		2C7B2C081C2E01ED008E6C66 /* Project object */ = {
			isa = PBXProject;
			attributes = {
				LastUpgradeCheck = 0720;
				ORGANIZATIONNAME = "Ivan Gagis";
				TargetAttributes = {
					2C7B2C0F1C2E01ED008E6C66 = {
						CreatedOnToolsVersion = 7.2;
					};
				};
			};
			buildConfigurationList = 2C7B2C0B1C2E01ED008E6C66 /* Build configuration list for PBXProject "tests" */;
			compatibilityVersion = "Xcode 3.2";
			developmentRegion = English;
			hasScannedForEncodings = 0;
			knownRegions = (
				en,
				Base,
			);
			mainGroup = 2C7B2C071C2E01ED008E6C66;
			productRefGroup = 2C7B2C111C2E01ED008E6C66 /* Products */;
			projectDirPath = "";
			projectRoot = "";
			targets = (
				2C7B2C0F1C2E01ED008E6C66 /* tests */,
			);
		};
/* End PBXProject section */

/* Begin PBXResourcesBuildPhase section */
		2C7B2C0E1C2E01ED008E6C66 /* Resources */ = {
			isa = PBXResourcesBuildPhase;
			buildActionMask = 2147483647;
			files = (
				2C7B2C201C2E01ED008E6C66 /* Assets.xcassets in Resources */,
			);
			runOnlyForDeploymentPostprocessing = 0;
		};
/* End PBXResourcesBuildPhase section */

/* Begin PBXSourcesBuildPhase section */
		2C7B2C0C1C2E01ED008E6C66 /* Sources */ = {
			isa = PBXSourcesBuildPhase;
			buildActionMask = 2147483647;
			files = (
				2CD660271C2E05D800626F76 /* jdphuff.c in Sources */,
				2CD660261C2E05D800626F76 /* jdmerge.c in Sources */,
				2CD6602A1C2E05D800626F76 /* jdtrans.c in Sources */,
				2CD6601D1C2E05D800626F76 /* jdatasrc.c in Sources */,
				2CD6601E1C2E05D800626F76 /* jdcoefct.c in Sources */,
				2CD660251C2E05D800626F76 /* jdmaster.c in Sources */,
				2CD660351C2E05D800626F76 /* jquant1.c in Sources */,
				2CD660301C2E05D800626F76 /* jidctfst.c in Sources */,
				2CD660201C2E05D800626F76 /* jddctmgr.c in Sources */,
				2CD660281C2E05D800626F76 /* jdpostct.c in Sources */,
				2CD6600D1C2E05D800626F76 /* jccolor.c in Sources */,
				2CD660361C2E05D800626F76 /* jquant2.c in Sources */,
				2CD6600E1C2E05D800626F76 /* jcdctmgr.c in Sources */,
				2CD660101C2E05D800626F76 /* jcinit.c in Sources */,
				2CD660111C2E05D800626F76 /* jcmainct.c in Sources */,
				2CD660341C2E05D800626F76 /* jmemmgr.c in Sources */,
				2CD6602C1C2E05D800626F76 /* jfdctflt.c in Sources */,
				2CD6602E1C2E05D800626F76 /* jfdctint.c in Sources */,
				2CD6601B1C2E05D800626F76 /* jdapistd.c in Sources */,
				2CD6602B1C2E05D800626F76 /* jerror.c in Sources */,
				2CD660211C2E05D800626F76 /* jdhuff.c in Sources */,
				2CD6602F1C2E05D800626F76 /* jidctflt.c in Sources */,
				2CD660121C2E05D800626F76 /* jcmarker.c in Sources */,
				2CD6601F1C2E05D800626F76 /* jdcolor.c in Sources */,
				2CD6600C1C2E05D800626F76 /* jccoefct.c in Sources */,
				2CD660221C2E05D800626F76 /* jdinput.c in Sources */,
				2CD6600A1C2E05D800626F76 /* jcapimin.c in Sources */,
				2CD6600F1C2E05D800626F76 /* jchuff.c in Sources */,
				2CD660311C2E05D800626F76 /* jidctint.c in Sources */,
				2CD660321C2E05D800626F76 /* jidctred.c in Sources */,
				2CD660151C2E05D800626F76 /* jcparam.c in Sources */,
				2CD660171C2E05D800626F76 /* jcprepct.c in Sources */,
				2CD660181C2E05D800626F76 /* jcsample.c in Sources */,
				2C7B2C151C2E01ED008E6C66 /* main.m in Sources */,
				2CD660241C2E05D800626F76 /* jdmarker.c in Sources */,
				2CD660291C2E05D800626F76 /* jdsample.c in Sources */,
				2CD6603B1C2E0BDA00626F76 /* jmemansi.c in Sources */,
				2CD660161C2E05D800626F76 /* jcphuff.c in Sources */,
				2CD660141C2E05D800626F76 /* jcomapi.c in Sources */,
				2CD6600B1C2E05D800626F76 /* jcapistd.c in Sources */,
				2CD6601A1C2E05D800626F76 /* jdapimin.c in Sources */,
				2CD660131C2E05D800626F76 /* jcmaster.c in Sources */,
				2CD6601C1C2E05D800626F76 /* jdatadst.c in Sources */,
				2CD660371C2E05D800626F76 /* jutils.c in Sources */,
				2CD660191C2E05D800626F76 /* jctrans.c in Sources */,
				2CD660231C2E05D800626F76 /* jdmainct.c in Sources */,
				2CD6602D1C2E05D800626F76 /* jfdctfst.c in Sources */,
			);
			runOnlyForDeploymentPostprocessing = 0;
		};
/* End PBXSourcesBuildPhase section */

/* Begin XCBuildConfiguration section */
		2C7B2C251C2E01ED008E6C66 /* Debug */ = {
			isa = XCBuildConfiguration;
			buildSettings = {
				ALWAYS_SEARCH_USER_PATHS = NO;
				CLANG_CXX_LANGUAGE_STANDARD = "gnu++0x";
				CLANG_CXX_LIBRARY = "libc++";
				CLANG_ENABLE_MODULES = YES;
				CLANG_ENABLE_OBJC_ARC = YES;
				CLANG_WARN_BOOL_CONVERSION = YES;
				CLANG_WARN_CONSTANT_CONVERSION = YES;
				CLANG_WARN_DIRECT_OBJC_ISA_USAGE = YES_ERROR;
				CLANG_WARN_EMPTY_BODY = YES;
				CLANG_WARN_ENUM_CONVERSION = YES;
				CLANG_WARN_INT_CONVERSION = YES;
				CLANG_WARN_OBJC_ROOT_CLASS = YES_ERROR;
				CLANG_WARN_UNREACHABLE_CODE = YES;
				CLANG_WARN__DUPLICATE_METHOD_MATCH = YES;
				"CODE_SIGN_IDENTITY[sdk=iphoneos*]" = "iPhone Developer";
				COPY_PHASE_STRIP = NO;
				DEBUG_INFORMATION_FORMAT = dwarf;
				ENABLE_STRICT_OBJC_MSGSEND = YES;
				ENABLE_TESTABILITY = YES;
				GCC_C_LANGUAGE_STANDARD = gnu99;
				GCC_DYNAMIC_NO_PIC = NO;
				GCC_NO_COMMON_BLOCKS = YES;
				GCC_OPTIMIZATION_LEVEL = 0;
				GCC_PREPROCESSOR_DEFINITIONS = (
					"DEBUG=1",
					"$(inherited)",
				);
				GCC_WARN_64_TO_32_BIT_CONVERSION = YES;
				GCC_WARN_ABOUT_RETURN_TYPE = YES_ERROR;
				GCC_WARN_UNDECLARED_SELECTOR = YES;
				GCC_WARN_UNINITIALIZED_AUTOS = YES_AGGRESSIVE;
				GCC_WARN_UNUSED_FUNCTION = YES;
				GCC_WARN_UNUSED_VARIABLE = YES;
				IPHONEOS_DEPLOYMENT_TARGET = 9.2;
				MTL_ENABLE_DEBUG_INFO = YES;
				ONLY_ACTIVE_ARCH = YES;
				SDKROOT = iphoneos;
				TARGETED_DEVICE_FAMILY = "1,2";
			};
			name = Debug;
		};
		2C7B2C261C2E01ED008E6C66 /* Release */ = {
			isa = XCBuildConfiguration;
			buildSettings = {
				ALWAYS_SEARCH_USER_PATHS = NO;
				CLANG_CXX_LANGUAGE_STANDARD = "gnu++0x";
				CLANG_CXX_LIBRARY = "libc++";
				CLANG_ENABLE_MODULES = YES;
				CLANG_ENABLE_OBJC_ARC = YES;
				CLANG_WARN_BOOL_CONVERSION = YES;
				CLANG_WARN_CONSTANT_CONVERSION = YES;
				CLANG_WARN_DIRECT_OBJC_ISA_USAGE = YES_ERROR;
				CLANG_WARN_EMPTY_BODY = YES;
				CLANG_WARN_ENUM_CONVERSION = YES;
				CLANG_WARN_INT_CONVERSION = YES;
				CLANG_WARN_OBJC_ROOT_CLASS = YES_ERROR;
				CLANG_WARN_UNREACHABLE_CODE = YES;
				CLANG_WARN__DUPLICATE_METHOD_MATCH = YES;
				"CODE_SIGN_IDENTITY[sdk=iphoneos*]" = "iPhone Developer";
				COPY_PHASE_STRIP = NO;
				DEBUG_INFORMATION_FORMAT = "dwarf-with-dsym";
				ENABLE_NS_ASSERTIONS = NO;
				ENABLE_STRICT_OBJC_MSGSEND = YES;
				GCC_C_LANGUAGE_STANDARD = gnu99;
				GCC_NO_COMMON_BLOCKS = YES;
				GCC_WARN_64_TO_32_BIT_CONVERSION = YES;
				GCC_WARN_ABOUT_RETURN_TYPE = YES_ERROR;
				GCC_WARN_UNDECLARED_SELECTOR = YES;
				GCC_WARN_UNINITIALIZED_AUTOS = YES_AGGRESSIVE;
				GCC_WARN_UNUSED_FUNCTION = YES;
				GCC_WARN_UNUSED_VARIABLE = YES;
				IPHONEOS_DEPLOYMENT_TARGET = 9.2;
				MTL_ENABLE_DEBUG_INFO = NO;
				SDKROOT = iphoneos;
				TARGETED_DEVICE_FAMILY = "1,2";
				VALIDATE_PRODUCT = YES;
			};
			name = Release;
		};
		2C7B2C281C2E01ED008E6C66 /* Debug */ = {
			isa = XCBuildConfiguration;
			buildSettings = {
				ASSETCATALOG_COMPILER_APPICON_NAME = AppIcon;
				INFOPLIST_FILE = tests/Info.plist;
				LD_RUNPATH_SEARCH_PATHS = "$(inherited) @executable_path/Frameworks";
				PRODUCT_BUNDLE_IDENTIFIER = org.igagis.tests;
				PRODUCT_NAME = "$(TARGET_NAME)";
			};
			name = Debug;
		};
		2C7B2C291C2E01ED008E6C66 /* Release */ = {
			isa = XCBuildConfiguration;
			buildSettings = {
				ASSETCATALOG_COMPILER_APPICON_NAME = AppIcon;
				INFOPLIST_FILE = tests/Info.plist;
				LD_RUNPATH_SEARCH_PATHS = "$(inherited) @executable_path/Frameworks";
				PRODUCT_BUNDLE_IDENTIFIER = org.igagis.tests;
				PRODUCT_NAME = "$(TARGET_NAME)";
			};
			name = Release;
		};
/* End XCBuildConfiguration section */

/* Begin XCConfigurationList section */
		2C7B2C0B1C2E01ED008E6C66 /* Build configuration list for PBXProject "tests" */ = {
			isa = XCConfigurationList;
			buildConfigurations = (
				2C7B2C251C2E01ED008E6C66 /* Debug */,
				2C7B2C261C2E01ED008E6C66 /* Release */,
			);
			defaultConfigurationIsVisible = 0;
			defaultConfigurationName = Release;
		};
		2C7B2C271C2E01ED008E6C66 /* Build configuration list for PBXNativeTarget "tests" */ = {
			isa = XCConfigurationList;
			buildConfigurations = (
				2C7B2C281C2E01ED008E6C66 /* Debug */,
				2C7B2C291C2E01ED008E6C66 /* Release */,
			);
			defaultConfigurationIsVisible = 0;
			defaultConfigurationName = Release;
		};
/* End XCConfigurationList section */
	};
	rootObject = 2C7B2C081C2E01ED008E6C66 /* Project object */;
}
